// !$*UTF8*$!
{
	archiveVersion = 1;
	classes = {
	};
	objectVersion = 46;
	objects = {

/* Begin PBXBuildFile section */
		082BEB591117F363F4479CA7 /* libPods.a in Frameworks */ = {isa = PBXBuildFile; fileRef = 76C5683C9DCDE27D015CF49F /* libPods.a */; };
		841519051B7B350D009AF230 /* BaseTouchesView.m in Sources */ = {isa = PBXBuildFile; fileRef = 841518EE1B7B350D009AF230 /* BaseTouchesView.m */; };
		841519061B7B350D009AF230 /* CurvedScatterPlot.m in Sources */ = {isa = PBXBuildFile; fileRef = 841518F01B7B350D009AF230 /* CurvedScatterPlot.m */; };
		841519071B7B350D009AF230 /* EMCollectionGraphView.m in Sources */ = {isa = PBXBuildFile; fileRef = 841518F21B7B350D009AF230 /* EMCollectionGraphView.m */; };
		841519081B7B350D009AF230 /* JEBarChart.m in Sources */ = {isa = PBXBuildFile; fileRef = 841518F41B7B350D009AF230 /* JEBarChart.m */; };
		841519091B7B350D009AF230 /* JECurvedPlotView.m in Sources */ = {isa = PBXBuildFile; fileRef = 841518F61B7B350D009AF230 /* JECurvedPlotView.m */; };
		8415190A1B7B350D009AF230 /* JEDonutPiePlotView.m in Sources */ = {isa = PBXBuildFile; fileRef = 841518F81B7B350D009AF230 /* JEDonutPiePlotView.m */; };
		8415190B1B7B350D009AF230 /* JEGraphTheme.m in Sources */ = {isa = PBXBuildFile; fileRef = 841518FA1B7B350D009AF230 /* JEGraphTheme.m */; };
		8415190C1B7B350D009AF230 /* JESimplePieChart.m in Sources */ = {isa = PBXBuildFile; fileRef = 841518FC1B7B350D009AF230 /* JESimplePieChart.m */; };
		8415190D1B7B350D009AF230 /* PiNumberFormatter.m in Sources */ = {isa = PBXBuildFile; fileRef = 841518FE1B7B350D009AF230 /* PiNumberFormatter.m */; };
		8415190E1B7B350D009AF230 /* PlotGallery.m in Sources */ = {isa = PBXBuildFile; fileRef = 841519001B7B350D009AF230 /* PlotGallery.m */; };
		8415190F1B7B350D009AF230 /* PlotItem.m in Sources */ = {isa = PBXBuildFile; fileRef = 841519021B7B350D009AF230 /* PlotItem.m */; };
		841519101B7B350D009AF230 /* SNEventGraphView.m in Sources */ = {isa = PBXBuildFile; fileRef = 841519041B7B350D009AF230 /* SNEventGraphView.m */; };
		841BC10B1B71B6BE00F256AF /* main.m in Sources */ = {isa = PBXBuildFile; fileRef = 841BC10A1B71B6BE00F256AF /* main.m */; };
		841BC10E1B71B6BE00F256AF /* AppDelegate.m in Sources */ = {isa = PBXBuildFile; fileRef = 841BC10D1B71B6BE00F256AF /* AppDelegate.m */; };
		841BC1111B71B6BE00F256AF /* ViewController.m in Sources */ = {isa = PBXBuildFile; fileRef = 841BC1101B71B6BE00F256AF /* ViewController.m */; };
		841BC1141B71B6BE00F256AF /* Main.storyboard in Resources */ = {isa = PBXBuildFile; fileRef = 841BC1121B71B6BE00F256AF /* Main.storyboard */; };
		841BC1161B71B6BE00F256AF /* Images.xcassets in Resources */ = {isa = PBXBuildFile; fileRef = 841BC1151B71B6BE00F256AF /* Images.xcassets */; };
		841BC1191B71B6BE00F256AF /* LaunchScreen.xib in Resources */ = {isa = PBXBuildFile; fileRef = 841BC1171B71B6BE00F256AF /* LaunchScreen.xib */; };
		841BC1251B71B6BE00F256AF /* JECorePlotDigesterDemoTests.m in Sources */ = {isa = PBXBuildFile; fileRef = 841BC1241B71B6BE00F256AF /* JECorePlotDigesterDemoTests.m */; };
		844FD5C51B7B3ACC00B01BD7 /* CPTGradient+Extends.m in Sources */ = {isa = PBXBuildFile; fileRef = 844FD5C41B7B3ACC00B01BD7 /* CPTGradient+Extends.m */; };
		84F9F4FB1B748ECF00EACB1E /* CoreTelephony.framework in Frameworks */ = {isa = PBXBuildFile; fileRef = 84F9F4FA1B748ECF00EACB1E /* CoreTelephony.framework */; };
/* End PBXBuildFile section */

/* Begin PBXContainerItemProxy section */
		841BC11F1B71B6BE00F256AF /* PBXContainerItemProxy */ = {
			isa = PBXContainerItemProxy;
			containerPortal = 841BC0FD1B71B6BD00F256AF /* Project object */;
			proxyType = 1;
			remoteGlobalIDString = 841BC1041B71B6BD00F256AF;
			remoteInfo = JECorePlotDigester;
		};
/* End PBXContainerItemProxy section */

/* Begin PBXFileReference section */
		76C5683C9DCDE27D015CF49F /* libPods.a */ = {isa = PBXFileReference; explicitFileType = archive.ar; includeInIndex = 0; path = libPods.a; sourceTree = BUILT_PRODUCTS_DIR; };
		841518ED1B7B350D009AF230 /* BaseTouchesView.h */ = {isa = PBXFileReference; fileEncoding = 4; lastKnownFileType = sourcecode.c.h; path = BaseTouchesView.h; sourceTree = "<group>"; };
		841518EE1B7B350D009AF230 /* BaseTouchesView.m */ = {isa = PBXFileReference; fileEncoding = 4; lastKnownFileType = sourcecode.c.objc; path = BaseTouchesView.m; sourceTree = "<group>"; };
		841518EF1B7B350D009AF230 /* CurvedScatterPlot.h */ = {isa = PBXFileReference; fileEncoding = 4; lastKnownFileType = sourcecode.c.h; path = CurvedScatterPlot.h; sourceTree = "<group>"; };
		841518F01B7B350D009AF230 /* CurvedScatterPlot.m */ = {isa = PBXFileReference; fileEncoding = 4; lastKnownFileType = sourcecode.c.objc; path = CurvedScatterPlot.m; sourceTree = "<group>"; };
		841518F11B7B350D009AF230 /* EMCollectionGraphView.h */ = {isa = PBXFileReference; fileEncoding = 4; lastKnownFileType = sourcecode.c.h; path = EMCollectionGraphView.h; sourceTree = "<group>"; };
		841518F21B7B350D009AF230 /* EMCollectionGraphView.m */ = {isa = PBXFileReference; fileEncoding = 4; lastKnownFileType = sourcecode.c.objc; path = EMCollectionGraphView.m; sourceTree = "<group>"; };
		841518F31B7B350D009AF230 /* JEBarChart.h */ = {isa = PBXFileReference; fileEncoding = 4; lastKnownFileType = sourcecode.c.h; path = JEBarChart.h; sourceTree = "<group>"; };
		841518F41B7B350D009AF230 /* JEBarChart.m */ = {isa = PBXFileReference; fileEncoding = 4; lastKnownFileType = sourcecode.c.objc; path = JEBarChart.m; sourceTree = "<group>"; };
		841518F51B7B350D009AF230 /* JECurvedPlotView.h */ = {isa = PBXFileReference; fileEncoding = 4; lastKnownFileType = sourcecode.c.h; path = JECurvedPlotView.h; sourceTree = "<group>"; };
		841518F61B7B350D009AF230 /* JECurvedPlotView.m */ = {isa = PBXFileReference; fileEncoding = 4; lastKnownFileType = sourcecode.c.objc; path = JECurvedPlotView.m; sourceTree = "<group>"; };
		841518F71B7B350D009AF230 /* JEDonutPiePlotView.h */ = {isa = PBXFileReference; fileEncoding = 4; lastKnownFileType = sourcecode.c.h; path = JEDonutPiePlotView.h; sourceTree = "<group>"; };
		841518F81B7B350D009AF230 /* JEDonutPiePlotView.m */ = {isa = PBXFileReference; fileEncoding = 4; lastKnownFileType = sourcecode.c.objc; path = JEDonutPiePlotView.m; sourceTree = "<group>"; };
		841518F91B7B350D009AF230 /* JEGraphTheme.h */ = {isa = PBXFileReference; fileEncoding = 4; lastKnownFileType = sourcecode.c.h; path = JEGraphTheme.h; sourceTree = "<group>"; };
		841518FA1B7B350D009AF230 /* JEGraphTheme.m */ = {isa = PBXFileReference; fileEncoding = 4; lastKnownFileType = sourcecode.c.objc; path = JEGraphTheme.m; sourceTree = "<group>"; };
		841518FB1B7B350D009AF230 /* JESimplePieChart.h */ = {isa = PBXFileReference; fileEncoding = 4; lastKnownFileType = sourcecode.c.h; path = JESimplePieChart.h; sourceTree = "<group>"; };
		841518FC1B7B350D009AF230 /* JESimplePieChart.m */ = {isa = PBXFileReference; fileEncoding = 4; lastKnownFileType = sourcecode.c.objc; path = JESimplePieChart.m; sourceTree = "<group>"; };
		841518FD1B7B350D009AF230 /* PiNumberFormatter.h */ = {isa = PBXFileReference; fileEncoding = 4; lastKnownFileType = sourcecode.c.h; path = PiNumberFormatter.h; sourceTree = "<group>"; };
		841518FE1B7B350D009AF230 /* PiNumberFormatter.m */ = {isa = PBXFileReference; fileEncoding = 4; lastKnownFileType = sourcecode.c.objc; path = PiNumberFormatter.m; sourceTree = "<group>"; };
		841518FF1B7B350D009AF230 /* PlotGallery.h */ = {isa = PBXFileReference; fileEncoding = 4; lastKnownFileType = sourcecode.c.h; path = PlotGallery.h; sourceTree = "<group>"; };
		841519001B7B350D009AF230 /* PlotGallery.m */ = {isa = PBXFileReference; fileEncoding = 4; lastKnownFileType = sourcecode.c.objc; path = PlotGallery.m; sourceTree = "<group>"; };
		841519011B7B350D009AF230 /* PlotItem.h */ = {isa = PBXFileReference; fileEncoding = 4; lastKnownFileType = sourcecode.c.h; path = PlotItem.h; sourceTree = "<group>"; };
		841519021B7B350D009AF230 /* PlotItem.m */ = {isa = PBXFileReference; fileEncoding = 4; lastKnownFileType = sourcecode.c.objc; path = PlotItem.m; sourceTree = "<group>"; };
		841519031B7B350D009AF230 /* SNEventGraphView.h */ = {isa = PBXFileReference; fileEncoding = 4; lastKnownFileType = sourcecode.c.h; path = SNEventGraphView.h; sourceTree = "<group>"; };
		841519041B7B350D009AF230 /* SNEventGraphView.m */ = {isa = PBXFileReference; fileEncoding = 4; lastKnownFileType = sourcecode.c.objc; path = SNEventGraphView.m; sourceTree = "<group>"; };
		841BC1051B71B6BD00F256AF /* JECorePlotDigesterDemo.app */ = {isa = PBXFileReference; explicitFileType = wrapper.application; includeInIndex = 0; path = JECorePlotDigesterDemo.app; sourceTree = BUILT_PRODUCTS_DIR; };
		841BC1091B71B6BD00F256AF /* Info.plist */ = {isa = PBXFileReference; lastKnownFileType = text.plist.xml; path = Info.plist; sourceTree = "<group>"; };
		841BC10A1B71B6BE00F256AF /* main.m */ = {isa = PBXFileReference; lastKnownFileType = sourcecode.c.objc; path = main.m; sourceTree = "<group>"; };
		841BC10C1B71B6BE00F256AF /* AppDelegate.h */ = {isa = PBXFileReference; lastKnownFileType = sourcecode.c.h; name = AppDelegate.h; path = ../JECorePlotDigesterDemo/AppDelegate.h; sourceTree = "<group>"; };
		841BC10D1B71B6BE00F256AF /* AppDelegate.m */ = {isa = PBXFileReference; lastKnownFileType = sourcecode.c.objc; path = AppDelegate.m; sourceTree = "<group>"; };
		841BC10F1B71B6BE00F256AF /* ViewController.h */ = {isa = PBXFileReference; lastKnownFileType = sourcecode.c.h; path = ViewController.h; sourceTree = "<group>"; };
		841BC1101B71B6BE00F256AF /* ViewController.m */ = {isa = PBXFileReference; lastKnownFileType = sourcecode.c.objc; path = ViewController.m; sourceTree = "<group>"; };
		841BC1131B71B6BE00F256AF /* Base */ = {isa = PBXFileReference; lastKnownFileType = file.storyboard; name = Base; path = Base.lproj/Main.storyboard; sourceTree = "<group>"; };
		841BC1151B71B6BE00F256AF /* Images.xcassets */ = {isa = PBXFileReference; lastKnownFileType = folder.assetcatalog; path = Images.xcassets; sourceTree = "<group>"; };
		841BC1181B71B6BE00F256AF /* Base */ = {isa = PBXFileReference; lastKnownFileType = file.xib; name = Base; path = Base.lproj/LaunchScreen.xib; sourceTree = "<group>"; };
		841BC11E1B71B6BE00F256AF /* JECorePlotDigesterDemoTests.xctest */ = {isa = PBXFileReference; explicitFileType = wrapper.cfbundle; includeInIndex = 0; path = JECorePlotDigesterDemoTests.xctest; sourceTree = BUILT_PRODUCTS_DIR; };
		841BC1231B71B6BE00F256AF /* Info.plist */ = {isa = PBXFileReference; lastKnownFileType = text.plist.xml; path = Info.plist; sourceTree = "<group>"; };
		841BC1241B71B6BE00F256AF /* JECorePlotDigesterDemoTests.m */ = {isa = PBXFileReference; lastKnownFileType = sourcecode.c.objc; path = JECorePlotDigesterDemoTests.m; sourceTree = "<group>"; };
		841BC1561B71F19C00F256AF /* JECorePlotDigesterDemo_Prefix.pch */ = {isa = PBXFileReference; lastKnownFileType = sourcecode.c.h; path = JECorePlotDigesterDemo_Prefix.pch; sourceTree = "<group>"; };
		844FD5C31B7B3ACC00B01BD7 /* CPTGradient+Extends.h */ = {isa = PBXFileReference; fileEncoding = 4; lastKnownFileType = sourcecode.c.h; path = "CPTGradient+Extends.h"; sourceTree = "<group>"; };
		844FD5C41B7B3ACC00B01BD7 /* CPTGradient+Extends.m */ = {isa = PBXFileReference; fileEncoding = 4; lastKnownFileType = sourcecode.c.objc; path = "CPTGradient+Extends.m"; sourceTree = "<group>"; };
		84F9F4FA1B748ECF00EACB1E /* CoreTelephony.framework */ = {isa = PBXFileReference; lastKnownFileType = wrapper.framework; name = CoreTelephony.framework; path = System/Library/Frameworks/CoreTelephony.framework; sourceTree = SDKROOT; };
		9F3A6A04F6FA9AE0439B6E1B /* Pods.debug.xcconfig */ = {isa = PBXFileReference; includeInIndex = 1; lastKnownFileType = text.xcconfig; name = Pods.debug.xcconfig; path = "Pods/Target Support Files/Pods/Pods.debug.xcconfig"; sourceTree = "<group>"; };
		F3BE07023A61409F8246FF88 /* Pods.release.xcconfig */ = {isa = PBXFileReference; includeInIndex = 1; lastKnownFileType = text.xcconfig; name = Pods.release.xcconfig; path = "Pods/Target Support Files/Pods/Pods.release.xcconfig"; sourceTree = "<group>"; };
/* End PBXFileReference section */

/* Begin PBXFrameworksBuildPhase section */
		841BC1021B71B6BD00F256AF /* Frameworks */ = {
			isa = PBXFrameworksBuildPhase;
			buildActionMask = 2147483647;
			files = (
				84F9F4FB1B748ECF00EACB1E /* CoreTelephony.framework in Frameworks */,
				082BEB591117F363F4479CA7 /* libPods.a in Frameworks */,
			);
			runOnlyForDeploymentPostprocessing = 0;
		};
		841BC11B1B71B6BE00F256AF /* Frameworks */ = {
			isa = PBXFrameworksBuildPhase;
			buildActionMask = 2147483647;
			files = (
			);
			runOnlyForDeploymentPostprocessing = 0;
		};
/* End PBXFrameworksBuildPhase section */

/* Begin PBXGroup section */
		61A83954A529289C22F0F23B /* Pods */ = {
			isa = PBXGroup;
			children = (
				9F3A6A04F6FA9AE0439B6E1B /* Pods.debug.xcconfig */,
				F3BE07023A61409F8246FF88 /* Pods.release.xcconfig */,
			);
			name = Pods;
			sourceTree = "<group>";
		};
		841518EC1B7B350D009AF230 /* Classes */ = {
			isa = PBXGroup;
			children = (
				841518ED1B7B350D009AF230 /* BaseTouchesView.h */,
				841518EE1B7B350D009AF230 /* BaseTouchesView.m */,
				841518EF1B7B350D009AF230 /* CurvedScatterPlot.h */,
				841518F01B7B350D009AF230 /* CurvedScatterPlot.m */,
				841518F11B7B350D009AF230 /* EMCollectionGraphView.h */,
				841518F21B7B350D009AF230 /* EMCollectionGraphView.m */,
				841518F31B7B350D009AF230 /* JEBarChart.h */,
				841518F41B7B350D009AF230 /* JEBarChart.m */,
				841518F51B7B350D009AF230 /* JECurvedPlotView.h */,
				841518F61B7B350D009AF230 /* JECurvedPlotView.m */,
				841518F71B7B350D009AF230 /* JEDonutPiePlotView.h */,
				841518F81B7B350D009AF230 /* JEDonutPiePlotView.m */,
				841518F91B7B350D009AF230 /* JEGraphTheme.h */,
				841518FA1B7B350D009AF230 /* JEGraphTheme.m */,
				841518FB1B7B350D009AF230 /* JESimplePieChart.h */,
				841518FC1B7B350D009AF230 /* JESimplePieChart.m */,
				841518FD1B7B350D009AF230 /* PiNumberFormatter.h */,
				841518FE1B7B350D009AF230 /* PiNumberFormatter.m */,
				841518FF1B7B350D009AF230 /* PlotGallery.h */,
				841519001B7B350D009AF230 /* PlotGallery.m */,
				841519011B7B350D009AF230 /* PlotItem.h */,
				841519021B7B350D009AF230 /* PlotItem.m */,
				841519031B7B350D009AF230 /* SNEventGraphView.h */,
				841519041B7B350D009AF230 /* SNEventGraphView.m */,
				844FD5C31B7B3ACC00B01BD7 /* CPTGradient+Extends.h */,
				844FD5C41B7B3ACC00B01BD7 /* CPTGradient+Extends.m */,
			);
			name = Classes;
			path = ../../Classes;
			sourceTree = "<group>";
		};
		841BC0FC1B71B6BD00F256AF = {
			isa = PBXGroup;
			children = (
				841BC1071B71B6BD00F256AF /* JECorePlotDigesterDemo */,
				841BC1211B71B6BE00F256AF /* JECorePlotDigesterDemoTests */,
				841BC1061B71B6BD00F256AF /* Products */,
				61A83954A529289C22F0F23B /* Pods */,
				FACE5B2672C8C89CE6CFD990 /* Frameworks */,
			);
			sourceTree = "<group>";
		};
		841BC1061B71B6BD00F256AF /* Products */ = {
			isa = PBXGroup;
			children = (
				841BC1051B71B6BD00F256AF /* JECorePlotDigesterDemo.app */,
				841BC11E1B71B6BE00F256AF /* JECorePlotDigesterDemoTests.xctest */,
			);
			name = Products;
			sourceTree = "<group>";
		};
		841BC1071B71B6BD00F256AF /* JECorePlotDigesterDemo */ = {
			isa = PBXGroup;
			children = (
				841518EC1B7B350D009AF230 /* Classes */,
				841BC10C1B71B6BE00F256AF /* AppDelegate.h */,
				841BC10D1B71B6BE00F256AF /* AppDelegate.m */,
				841BC10F1B71B6BE00F256AF /* ViewController.h */,
				841BC1101B71B6BE00F256AF /* ViewController.m */,
				841BC1121B71B6BE00F256AF /* Main.storyboard */,
				841BC1151B71B6BE00F256AF /* Images.xcassets */,
				841BC1171B71B6BE00F256AF /* LaunchScreen.xib */,
				841BC1081B71B6BD00F256AF /* Supporting Files */,
			);
			path = JECorePlotDigesterDemo;
			sourceTree = "<group>";
		};
		841BC1081B71B6BD00F256AF /* Supporting Files */ = {
			isa = PBXGroup;
			children = (
				841BC1091B71B6BD00F256AF /* Info.plist */,
				841BC10A1B71B6BE00F256AF /* main.m */,
				841BC1561B71F19C00F256AF /* JECorePlotDigesterDemo_Prefix.pch */,
			);
			name = "Supporting Files";
			sourceTree = "<group>";
		};
		841BC1211B71B6BE00F256AF /* JECorePlotDigesterDemoTests */ = {
			isa = PBXGroup;
			children = (
				841BC1241B71B6BE00F256AF /* JECorePlotDigesterDemoTests.m */,
				841BC1221B71B6BE00F256AF /* Supporting Files */,
			);
			path = JECorePlotDigesterDemoTests;
			sourceTree = "<group>";
		};
		841BC1221B71B6BE00F256AF /* Supporting Files */ = {
			isa = PBXGroup;
			children = (
				841BC1231B71B6BE00F256AF /* Info.plist */,
			);
			name = "Supporting Files";
			sourceTree = "<group>";
		};
		FACE5B2672C8C89CE6CFD990 /* Frameworks */ = {
			isa = PBXGroup;
			children = (
				84F9F4FA1B748ECF00EACB1E /* CoreTelephony.framework */,
				76C5683C9DCDE27D015CF49F /* libPods.a */,
			);
			name = Frameworks;
			sourceTree = "<group>";
		};
/* End PBXGroup section */

/* Begin PBXNativeTarget section */
		841BC1041B71B6BD00F256AF /* JECorePlotDigesterDemo */ = {
			isa = PBXNativeTarget;
			buildConfigurationList = 841BC1281B71B6BE00F256AF /* Build configuration list for PBXNativeTarget "JECorePlotDigesterDemo" */;
			buildPhases = (
				ABCFADB67ACF4F9C51797E65 /* Check Pods Manifest.lock */,
				841BC1011B71B6BD00F256AF /* Sources */,
				841BC1021B71B6BD00F256AF /* Frameworks */,
				841BC1031B71B6BD00F256AF /* Resources */,
				808933CE672760818A9DB5BF /* Copy Pods Resources */,
			);
			buildRules = (
			);
			dependencies = (
			);
			name = JECorePlotDigesterDemo;
			productName = JECorePlotDigester;
			productReference = 841BC1051B71B6BD00F256AF /* JECorePlotDigesterDemo.app */;
			productType = "com.apple.product-type.application";
		};
		841BC11D1B71B6BE00F256AF /* JECorePlotDigesterDemoTests */ = {
			isa = PBXNativeTarget;
			buildConfigurationList = 841BC12B1B71B6BE00F256AF /* Build configuration list for PBXNativeTarget "JECorePlotDigesterDemoTests" */;
			buildPhases = (
				841BC11A1B71B6BE00F256AF /* Sources */,
				841BC11B1B71B6BE00F256AF /* Frameworks */,
				841BC11C1B71B6BE00F256AF /* Resources */,
			);
			buildRules = (
			);
			dependencies = (
				841BC1201B71B6BE00F256AF /* PBXTargetDependency */,
			);
			name = JECorePlotDigesterDemoTests;
			productName = JECorePlotDigesterTests;
			productReference = 841BC11E1B71B6BE00F256AF /* JECorePlotDigesterDemoTests.xctest */;
			productType = "com.apple.product-type.bundle.unit-test";
		};
/* End PBXNativeTarget section */

/* Begin PBXProject section */
		841BC0FD1B71B6BD00F256AF /* Project object */ = {
			isa = PBXProject;
			attributes = {
				LastUpgradeCheck = 0640;
				ORGANIZATIONNAME = evideo;
				TargetAttributes = {
					841BC1041B71B6BD00F256AF = {
						CreatedOnToolsVersion = 6.4;
					};
					841BC11D1B71B6BE00F256AF = {
						CreatedOnToolsVersion = 6.4;
						TestTargetID = 841BC1041B71B6BD00F256AF;
					};
				};
			};
			buildConfigurationList = 841BC1001B71B6BD00F256AF /* Build configuration list for PBXProject "JECorePlotDigesterDemo" */;
			compatibilityVersion = "Xcode 3.2";
			developmentRegion = English;
			hasScannedForEncodings = 0;
			knownRegions = (
				en,
				Base,
			);
			mainGroup = 841BC0FC1B71B6BD00F256AF;
			productRefGroup = 841BC1061B71B6BD00F256AF /* Products */;
			projectDirPath = "";
			projectRoot = "";
			targets = (
				841BC1041B71B6BD00F256AF /* JECorePlotDigesterDemo */,
				841BC11D1B71B6BE00F256AF /* JECorePlotDigesterDemoTests */,
			);
		};
/* End PBXProject section */

/* Begin PBXResourcesBuildPhase section */
		841BC1031B71B6BD00F256AF /* Resources */ = {
			isa = PBXResourcesBuildPhase;
			buildActionMask = 2147483647;
			files = (
				841BC1141B71B6BE00F256AF /* Main.storyboard in Resources */,
				841BC1191B71B6BE00F256AF /* LaunchScreen.xib in Resources */,
				841BC1161B71B6BE00F256AF /* Images.xcassets in Resources */,
			);
			runOnlyForDeploymentPostprocessing = 0;
		};
		841BC11C1B71B6BE00F256AF /* Resources */ = {
			isa = PBXResourcesBuildPhase;
			buildActionMask = 2147483647;
			files = (
			);
			runOnlyForDeploymentPostprocessing = 0;
		};
/* End PBXResourcesBuildPhase section */

/* Begin PBXShellScriptBuildPhase section */
		808933CE672760818A9DB5BF /* Copy Pods Resources */ = {
			isa = PBXShellScriptBuildPhase;
			buildActionMask = 2147483647;
			files = (
			);
			inputPaths = (
			);
			name = "Copy Pods Resources";
			outputPaths = (
			);
			runOnlyForDeploymentPostprocessing = 0;
			shellPath = /bin/sh;
			shellScript = "\"${SRCROOT}/Pods/Target Support Files/Pods/Pods-resources.sh\"\n";
			showEnvVarsInLog = 0;
		};
		ABCFADB67ACF4F9C51797E65 /* Check Pods Manifest.lock */ = {
			isa = PBXShellScriptBuildPhase;
			buildActionMask = 2147483647;
			files = (
			);
			inputPaths = (
			);
			name = "Check Pods Manifest.lock";
			outputPaths = (
			);
			runOnlyForDeploymentPostprocessing = 0;
			shellPath = /bin/sh;
			shellScript = "diff \"${PODS_ROOT}/../Podfile.lock\" \"${PODS_ROOT}/Manifest.lock\" > /dev/null\nif [[ $? != 0 ]] ; then\n    cat << EOM\nerror: The sandbox is not in sync with the Podfile.lock. Run 'pod install' or update your CocoaPods installation.\nEOM\n    exit 1\nfi\n";
			showEnvVarsInLog = 0;
		};
/* End PBXShellScriptBuildPhase section */

/* Begin PBXSourcesBuildPhase section */
		841BC1011B71B6BD00F256AF /* Sources */ = {
			isa = PBXSourcesBuildPhase;
			buildActionMask = 2147483647;
			files = (
				8415190D1B7B350D009AF230 /* PiNumberFormatter.m in Sources */,
				8415190C1B7B350D009AF230 /* JESimplePieChart.m in Sources */,
				841BC1111B71B6BE00F256AF /* ViewController.m in Sources */,
				841519101B7B350D009AF230 /* SNEventGraphView.m in Sources */,
				8415190A1B7B350D009AF230 /* JEDonutPiePlotView.m in Sources */,
				841519071B7B350D009AF230 /* EMCollectionGraphView.m in Sources */,
				841519051B7B350D009AF230 /* BaseTouchesView.m in Sources */,
				841519081B7B350D009AF230 /* JEBarChart.m in Sources */,
				8415190B1B7B350D009AF230 /* JEGraphTheme.m in Sources */,
				841BC10E1B71B6BE00F256AF /* AppDelegate.m in Sources */,
				841519061B7B350D009AF230 /* CurvedScatterPlot.m in Sources */,
				841BC10B1B71B6BE00F256AF /* main.m in Sources */,
				844FD5C51B7B3ACC00B01BD7 /* CPTGradient+Extends.m in Sources */,
				8415190F1B7B350D009AF230 /* PlotItem.m in Sources */,
				841519091B7B350D009AF230 /* JECurvedPlotView.m in Sources */,
				8415190E1B7B350D009AF230 /* PlotGallery.m in Sources */,
			);
			runOnlyForDeploymentPostprocessing = 0;
		};
		841BC11A1B71B6BE00F256AF /* Sources */ = {
			isa = PBXSourcesBuildPhase;
			buildActionMask = 2147483647;
			files = (
				841BC1251B71B6BE00F256AF /* JECorePlotDigesterDemoTests.m in Sources */,
			);
			runOnlyForDeploymentPostprocessing = 0;
		};
/* End PBXSourcesBuildPhase section */

/* Begin PBXTargetDependency section */
		841BC1201B71B6BE00F256AF /* PBXTargetDependency */ = {
			isa = PBXTargetDependency;
			target = 841BC1041B71B6BD00F256AF /* JECorePlotDigesterDemo */;
			targetProxy = 841BC11F1B71B6BE00F256AF /* PBXContainerItemProxy */;
		};
/* End PBXTargetDependency section */

/* Begin PBXVariantGroup section */
		841BC1121B71B6BE00F256AF /* Main.storyboard */ = {
			isa = PBXVariantGroup;
			children = (
				841BC1131B71B6BE00F256AF /* Base */,
			);
			name = Main.storyboard;
			sourceTree = "<group>";
		};
		841BC1171B71B6BE00F256AF /* LaunchScreen.xib */ = {
			isa = PBXVariantGroup;
			children = (
				841BC1181B71B6BE00F256AF /* Base */,
			);
			name = LaunchScreen.xib;
			sourceTree = "<group>";
		};
/* End PBXVariantGroup section */

/* Begin XCBuildConfiguration section */
		841BC1261B71B6BE00F256AF /* Debug */ = {
			isa = XCBuildConfiguration;
			buildSettings = {
				ALWAYS_SEARCH_USER_PATHS = NO;
				CLANG_CXX_LANGUAGE_STANDARD = "gnu++0x";
				CLANG_CXX_LIBRARY = "libc++";
				CLANG_ENABLE_MODULES = YES;
				CLANG_ENABLE_OBJC_ARC = YES;
				CLANG_WARN_BOOL_CONVERSION = YES;
				CLANG_WARN_CONSTANT_CONVERSION = YES;
				CLANG_WARN_DIRECT_OBJC_ISA_USAGE = YES_ERROR;
				CLANG_WARN_EMPTY_BODY = YES;
				CLANG_WARN_ENUM_CONVERSION = YES;
				CLANG_WARN_INT_CONVERSION = YES;
				CLANG_WARN_OBJC_ROOT_CLASS = YES_ERROR;
				CLANG_WARN_UNREACHABLE_CODE = YES;
				CLANG_WARN__DUPLICATE_METHOD_MATCH = YES;
				"CODE_SIGN_IDENTITY[sdk=iphoneos*]" = "iPhone Developer";
				COPY_PHASE_STRIP = NO;
				DEBUG_INFORMATION_FORMAT = "dwarf-with-dsym";
				ENABLE_STRICT_OBJC_MSGSEND = YES;
				GCC_C_LANGUAGE_STANDARD = gnu99;
				GCC_DYNAMIC_NO_PIC = NO;
				GCC_NO_COMMON_BLOCKS = YES;
				GCC_OPTIMIZATION_LEVEL = 0;
				GCC_PREPROCESSOR_DEFINITIONS = (
					"DEBUG=1",
					"$(inherited)",
				);
				GCC_SYMBOLS_PRIVATE_EXTERN = NO;
				GCC_WARN_64_TO_32_BIT_CONVERSION = YES;
				GCC_WARN_ABOUT_RETURN_TYPE = YES_ERROR;
				GCC_WARN_UNDECLARED_SELECTOR = YES;
				GCC_WARN_UNINITIALIZED_AUTOS = YES_AGGRESSIVE;
				GCC_WARN_UNUSED_FUNCTION = YES;
				GCC_WARN_UNUSED_VARIABLE = YES;
				IPHONEOS_DEPLOYMENT_TARGET = 8.4;
				MTL_ENABLE_DEBUG_INFO = YES;
				ONLY_ACTIVE_ARCH = YES;
				SDKROOT = iphoneos;
				TARGETED_DEVICE_FAMILY = "1,2";
			};
			name = Debug;
		};
		841BC1271B71B6BE00F256AF /* Release */ = {
			isa = XCBuildConfiguration;
			buildSettings = {
				ALWAYS_SEARCH_USER_PATHS = NO;
				CLANG_CXX_LANGUAGE_STANDARD = "gnu++0x";
				CLANG_CXX_LIBRARY = "libc++";
				CLANG_ENABLE_MODULES = YES;
				CLANG_ENABLE_OBJC_ARC = YES;
				CLANG_WARN_BOOL_CONVERSION = YES;
				CLANG_WARN_CONSTANT_CONVERSION = YES;
				CLANG_WARN_DIRECT_OBJC_ISA_USAGE = YES_ERROR;
				CLANG_WARN_EMPTY_BODY = YES;
				CLANG_WARN_ENUM_CONVERSION = YES;
				CLANG_WARN_INT_CONVERSION = YES;
				CLANG_WARN_OBJC_ROOT_CLASS = YES_ERROR;
				CLANG_WARN_UNREACHABLE_CODE = YES;
				CLANG_WARN__DUPLICATE_METHOD_MATCH = YES;
				"CODE_SIGN_IDENTITY[sdk=iphoneos*]" = "iPhone Developer";
				COPY_PHASE_STRIP = NO;
				DEBUG_INFORMATION_FORMAT = "dwarf-with-dsym";
				ENABLE_NS_ASSERTIONS = NO;
				ENABLE_STRICT_OBJC_MSGSEND = YES;
				GCC_C_LANGUAGE_STANDARD = gnu99;
				GCC_NO_COMMON_BLOCKS = YES;
				GCC_WARN_64_TO_32_BIT_CONVERSION = YES;
				GCC_WARN_ABOUT_RETURN_TYPE = YES_ERROR;
				GCC_WARN_UNDECLARED_SELECTOR = YES;
				GCC_WARN_UNINITIALIZED_AUTOS = YES_AGGRESSIVE;
				GCC_WARN_UNUSED_FUNCTION = YES;
				GCC_WARN_UNUSED_VARIABLE = YES;
				IPHONEOS_DEPLOYMENT_TARGET = 8.4;
				MTL_ENABLE_DEBUG_INFO = NO;
				SDKROOT = iphoneos;
				TARGETED_DEVICE_FAMILY = "1,2";
				VALIDATE_PRODUCT = YES;
			};
			name = Release;
		};
		841BC1291B71B6BE00F256AF /* Debug */ = {
			isa = XCBuildConfiguration;
			baseConfigurationReference = 9F3A6A04F6FA9AE0439B6E1B /* Pods.debug.xcconfig */;
			buildSettings = {
				ASSETCATALOG_COMPILER_APPICON_NAME = AppIcon;
				CODE_SIGN_IDENTITY = "iPhone Developer: wenfa xu (9EBECPU8BY)";
				GCC_PREFIX_HEADER = JECorePlotDigesterDemo/JECorePlotDigesterDemo_Prefix.pch;
				INFOPLIST_FILE = JECorePlotDigesterDemo/Info.plist;
				LD_RUNPATH_SEARCH_PATHS = "$(inherited) @executable_path/Frameworks";
				PRODUCT_NAME = JECorePlotDigesterDemo;
			};
			name = Debug;
		};
		841BC12A1B71B6BE00F256AF /* Release */ = {
			isa = XCBuildConfiguration;
			baseConfigurationReference = F3BE07023A61409F8246FF88 /* Pods.release.xcconfig */;
			buildSettings = {
				ASSETCATALOG_COMPILER_APPICON_NAME = AppIcon;
				CODE_SIGN_IDENTITY = "iPhone Developer: wenfa xu (9EBECPU8BY)";
				GCC_PREFIX_HEADER = JECorePlotDigesterDemo/JECorePlotDigesterDemo_Prefix.pch;
				INFOPLIST_FILE = JECorePlotDigesterDemo/Info.plist;
				LD_RUNPATH_SEARCH_PATHS = "$(inherited) @executable_path/Frameworks";
				PRODUCT_NAME = JECorePlotDigesterDemo;
			};
			name = Release;
		};
		841BC12C1B71B6BE00F256AF /* Debug */ = {
			isa = XCBuildConfiguration;
			buildSettings = {
				BUNDLE_LOADER = "$(TEST_HOST)";
				FRAMEWORK_SEARCH_PATHS = (
					"$(SDKROOT)/Developer/Library/Frameworks",
					"$(inherited)",
				);
				GCC_PREPROCESSOR_DEFINITIONS = (
					"DEBUG=1",
					"$(inherited)",
				);
				INFOPLIST_FILE = JECorePlotDigesterDemoTests/Info.plist;
				LD_RUNPATH_SEARCH_PATHS = "$(inherited) @executable_path/Frameworks @loader_path/Frameworks";
				PRODUCT_NAME = JECorePlotDigesterDemoTests;
				TEST_HOST = "$(BUILT_PRODUCTS_DIR)/JECorePlotDigesterDemo.app/JECorePlotDigesterDemo";
			};
			name = Debug;
		};
		841BC12D1B71B6BE00F256AF /* Release */ = {
			isa = XCBuildConfiguration;
			buildSettings = {
				BUNDLE_LOADER = "$(TEST_HOST)";
				FRAMEWORK_SEARCH_PATHS = (
					"$(SDKROOT)/Developer/Library/Frameworks",
					"$(inherited)",
				);
				INFOPLIST_FILE = JECorePlotDigesterDemoTests/Info.plist;
				LD_RUNPATH_SEARCH_PATHS = "$(inherited) @executable_path/Frameworks @loader_path/Frameworks";
				PRODUCT_NAME = JECorePlotDigesterDemoTests;
				TEST_HOST = "$(BUILT_PRODUCTS_DIR)/JECorePlotDigesterDemo.app/JECorePlotDigesterDemo";
			};
			name = Release;
		};
/* End XCBuildConfiguration section */

/* Begin XCConfigurationList section */
		841BC1001B71B6BD00F256AF /* Build configuration list for PBXProject "JECorePlotDigesterDemo" */ = {
			isa = XCConfigurationList;
			buildConfigurations = (
				841BC1261B71B6BE00F256AF /* Debug */,
				841BC1271B71B6BE00F256AF /* Release */,
			);
			defaultConfigurationIsVisible = 0;
			defaultConfigurationName = Release;
		};
		841BC1281B71B6BE00F256AF /* Build configuration list for PBXNativeTarget "JECorePlotDigesterDemo" */ = {
			isa = XCConfigurationList;
			buildConfigurations = (
				841BC1291B71B6BE00F256AF /* Debug */,
				841BC12A1B71B6BE00F256AF /* Release */,
			);
			defaultConfigurationIsVisible = 0;
			defaultConfigurationName = Release;
		};
		841BC12B1B71B6BE00F256AF /* Build configuration list for PBXNativeTarget "JECorePlotDigesterDemoTests" */ = {
			isa = XCConfigurationList;
			buildConfigurations = (
				841BC12C1B71B6BE00F256AF /* Debug */,
				841BC12D1B71B6BE00F256AF /* Release */,
			);
			defaultConfigurationIsVisible = 0;
			defaultConfigurationName = Release;
		};
/* End XCConfigurationList section */
	};
	rootObject = 841BC0FD1B71B6BD00F256AF /* Project object */;
}
